// !$*UTF8*$!
{
	archiveVersion = 1;
	classes = {
	};
	objectVersion = 55;
	objects = {

/* Begin PBXBuildFile section */
		EB20F8F728B99E8900F25605 /* BreedImage.swift in Sources */ = {isa = PBXBuildFile; fileRef = EB20F8F628B99E8900F25605 /* BreedImage.swift */; };
		EB20F8FA28B99EDC00F25605 /* Breed.swift in Sources */ = {isa = PBXBuildFile; fileRef = EB20F8F928B99EDC00F25605 /* Breed.swift */; };
		EB20F8FD28B9A05A00F25605 /* CatBreed.swift in Sources */ = {isa = PBXBuildFile; fileRef = EB20F8FC28B9A05A00F25605 /* CatBreed.swift */; };
		EB20F90028B9AAB400F25605 /* BreedView.swift in Sources */ = {isa = PBXBuildFile; fileRef = EB20F8FF28B9AAB400F25605 /* BreedView.swift */; };
		EBC4CABE28BA6EF400D2C10A /* APIError.swift in Sources */ = {isa = PBXBuildFile; fileRef = EBC4CABD28BA6EF400D2C10A /* APIError.swift */; };
		EBC4CAC028BA786000D2C10A /* APIService.swift in Sources */ = {isa = PBXBuildFile; fileRef = EBC4CABF28BA786000D2C10A /* APIService.swift */; };
		EBC4CAC228BA86E600D2C10A /* LoadingView.swift in Sources */ = {isa = PBXBuildFile; fileRef = EBC4CAC128BA86E600D2C10A /* LoadingView.swift */; };
		EBF3C41E28B94B5400218310 /* CatAPIDemoApp.swift in Sources */ = {isa = PBXBuildFile; fileRef = EBF3C41D28B94B5400218310 /* CatAPIDemoApp.swift */; };
		EBF3C42028B94B5400218310 /* CatMainView.swift in Sources */ = {isa = PBXBuildFile; fileRef = EBF3C41F28B94B5400218310 /* CatMainView.swift */; };
		EBF3C42228B94B5700218310 /* Assets.xcassets in Resources */ = {isa = PBXBuildFile; fileRef = EBF3C42128B94B5700218310 /* Assets.xcassets */; };
		EBF3C42528B94B5700218310 /* Preview Assets.xcassets in Resources */ = {isa = PBXBuildFile; fileRef = EBF3C42428B94B5700218310 /* Preview Assets.xcassets */; };
		EBF3C42F28B94B5800218310 /* CatAPIDemoTests.swift in Sources */ = {isa = PBXBuildFile; fileRef = EBF3C42E28B94B5800218310 /* CatAPIDemoTests.swift */; };
		EBF3C43928B94B5800218310 /* CatAPIDemoUITests.swift in Sources */ = {isa = PBXBuildFile; fileRef = EBF3C43828B94B5800218310 /* CatAPIDemoUITests.swift */; };
		EBF3C43B28B94B5800218310 /* CatAPIDemoUITestsLaunchTests.swift in Sources */ = {isa = PBXBuildFile; fileRef = EBF3C43A28B94B5800218310 /* CatAPIDemoUITestsLaunchTests.swift */; };
/* End PBXBuildFile section */

/* Begin PBXContainerItemProxy section */
		EBF3C42B28B94B5800218310 /* PBXContainerItemProxy */ = {
			isa = PBXContainerItemProxy;
			containerPortal = EBF3C41228B94B5400218310 /* Project object */;
			proxyType = 1;
			remoteGlobalIDString = EBF3C41928B94B5400218310;
			remoteInfo = CatAPIDemo;
		};
		EBF3C43528B94B5800218310 /* PBXContainerItemProxy */ = {
			isa = PBXContainerItemProxy;
			containerPortal = EBF3C41228B94B5400218310 /* Project object */;
			proxyType = 1;
			remoteGlobalIDString = EBF3C41928B94B5400218310;
			remoteInfo = CatAPIDemo;
		};
/* End PBXContainerItemProxy section */

/* Begin PBXFileReference section */
		EB20F8F628B99E8900F25605 /* BreedImage.swift */ = {isa = PBXFileReference; lastKnownFileType = sourcecode.swift; path = BreedImage.swift; sourceTree = "<group>"; };
		EB20F8F928B99EDC00F25605 /* Breed.swift */ = {isa = PBXFileReference; lastKnownFileType = sourcecode.swift; path = Breed.swift; sourceTree = "<group>"; };
		EB20F8FC28B9A05A00F25605 /* CatBreed.swift */ = {isa = PBXFileReference; lastKnownFileType = sourcecode.swift; path = CatBreed.swift; sourceTree = "<group>"; };
		EB20F8FF28B9AAB400F25605 /* BreedView.swift */ = {isa = PBXFileReference; lastKnownFileType = sourcecode.swift; path = BreedView.swift; sourceTree = "<group>"; };
		EBC4CABD28BA6EF400D2C10A /* APIError.swift */ = {isa = PBXFileReference; lastKnownFileType = sourcecode.swift; path = APIError.swift; sourceTree = "<group>"; };
		EBC4CABF28BA786000D2C10A /* APIService.swift */ = {isa = PBXFileReference; lastKnownFileType = sourcecode.swift; path = APIService.swift; sourceTree = "<group>"; };
		EBC4CAC128BA86E600D2C10A /* LoadingView.swift */ = {isa = PBXFileReference; lastKnownFileType = sourcecode.swift; path = LoadingView.swift; sourceTree = "<group>"; };
		EBF3C41A28B94B5400218310 /* CatAPIDemo.app */ = {isa = PBXFileReference; explicitFileType = wrapper.application; includeInIndex = 0; path = CatAPIDemo.app; sourceTree = BUILT_PRODUCTS_DIR; };
		EBF3C41D28B94B5400218310 /* CatAPIDemoApp.swift */ = {isa = PBXFileReference; lastKnownFileType = sourcecode.swift; path = CatAPIDemoApp.swift; sourceTree = "<group>"; };
		EBF3C41F28B94B5400218310 /* CatMainView.swift */ = {isa = PBXFileReference; lastKnownFileType = sourcecode.swift; path = CatMainView.swift; sourceTree = "<group>"; };
		EBF3C42128B94B5700218310 /* Assets.xcassets */ = {isa = PBXFileReference; lastKnownFileType = folder.assetcatalog; path = Assets.xcassets; sourceTree = "<group>"; };
		EBF3C42428B94B5700218310 /* Preview Assets.xcassets */ = {isa = PBXFileReference; lastKnownFileType = folder.assetcatalog; path = "Preview Assets.xcassets"; sourceTree = "<group>"; };
		EBF3C42A28B94B5800218310 /* CatAPIDemoTests.xctest */ = {isa = PBXFileReference; explicitFileType = wrapper.cfbundle; includeInIndex = 0; path = CatAPIDemoTests.xctest; sourceTree = BUILT_PRODUCTS_DIR; };
		EBF3C42E28B94B5800218310 /* CatAPIDemoTests.swift */ = {isa = PBXFileReference; lastKnownFileType = sourcecode.swift; path = CatAPIDemoTests.swift; sourceTree = "<group>"; };
		EBF3C43428B94B5800218310 /* CatAPIDemoUITests.xctest */ = {isa = PBXFileReference; explicitFileType = wrapper.cfbundle; includeInIndex = 0; path = CatAPIDemoUITests.xctest; sourceTree = BUILT_PRODUCTS_DIR; };
		EBF3C43828B94B5800218310 /* CatAPIDemoUITests.swift */ = {isa = PBXFileReference; lastKnownFileType = sourcecode.swift; path = CatAPIDemoUITests.swift; sourceTree = "<group>"; };
		EBF3C43A28B94B5800218310 /* CatAPIDemoUITestsLaunchTests.swift */ = {isa = PBXFileReference; lastKnownFileType = sourcecode.swift; path = CatAPIDemoUITestsLaunchTests.swift; sourceTree = "<group>"; };
/* End PBXFileReference section */

/* Begin PBXFrameworksBuildPhase section */
		EBF3C41728B94B5400218310 /* Frameworks */ = {
			isa = PBXFrameworksBuildPhase;
			buildActionMask = 2147483647;
			files = (
			);
			runOnlyForDeploymentPostprocessing = 0;
		};
		EBF3C42728B94B5800218310 /* Frameworks */ = {
			isa = PBXFrameworksBuildPhase;
			buildActionMask = 2147483647;
			files = (
			);
			runOnlyForDeploymentPostprocessing = 0;
		};
		EBF3C43128B94B5800218310 /* Frameworks */ = {
			isa = PBXFrameworksBuildPhase;
			buildActionMask = 2147483647;
			files = (
			);
			runOnlyForDeploymentPostprocessing = 0;
		};
/* End PBXFrameworksBuildPhase section */

/* Begin PBXGroup section */
		EB20F8F828B99E9100F25605 /* Models */ = {
			isa = PBXGroup;
			children = (
				EB20F8F628B99E8900F25605 /* BreedImage.swift */,
				EB20F8F928B99EDC00F25605 /* Breed.swift */,
			);
			path = Models;
			sourceTree = "<group>";
		};
		EB20F8FB28B99FEF00F25605 /* Services */ = {
			isa = PBXGroup;
			children = (
				EBC4CABC28BA6ED500D2C10A /* Helpers */,
				EB20F8FC28B9A05A00F25605 /* CatBreed.swift */,
				EBC4CABF28BA786000D2C10A /* APIService.swift */,
			);
			path = Services;
			sourceTree = "<group>";
		};
		EB20F8FE28B9AA3900F25605 /* Views */ = {
			isa = PBXGroup;
			children = (
				EBF3C41F28B94B5400218310 /* CatMainView.swift */,
				EB20F8FF28B9AAB400F25605 /* BreedView.swift */,
				EBC4CAC128BA86E600D2C10A /* LoadingView.swift */,
			);
			path = Views;
			sourceTree = "<group>";
		};
		EBC4CABC28BA6ED500D2C10A /* Helpers */ = {
			isa = PBXGroup;
			children = (
				EBC4CABD28BA6EF400D2C10A /* APIError.swift */,
			);
			path = Helpers;
			sourceTree = "<group>";
		};
		EBF3C41128B94B5400218310 = {
			isa = PBXGroup;
			children = (
				EBF3C41C28B94B5400218310 /* CatAPIDemo */,
				EBF3C42D28B94B5800218310 /* CatAPIDemoTests */,
				EBF3C43728B94B5800218310 /* CatAPIDemoUITests */,
				EBF3C41B28B94B5400218310 /* Products */,
			);
			sourceTree = "<group>";
		};
		EBF3C41B28B94B5400218310 /* Products */ = {
			isa = PBXGroup;
			children = (
				EBF3C41A28B94B5400218310 /* CatAPIDemo.app */,
				EBF3C42A28B94B5800218310 /* CatAPIDemoTests.xctest */,
				EBF3C43428B94B5800218310 /* CatAPIDemoUITests.xctest */,
			);
			name = Products;
			sourceTree = "<group>";
		};
		EBF3C41C28B94B5400218310 /* CatAPIDemo */ = {
			isa = PBXGroup;
			children = (
				EB20F8FE28B9AA3900F25605 /* Views */,
				EB20F8FB28B99FEF00F25605 /* Services */,
				EB20F8F828B99E9100F25605 /* Models */,
				EBF3C41D28B94B5400218310 /* CatAPIDemoApp.swift */,
				EBF3C42128B94B5700218310 /* Assets.xcassets */,
				EBF3C42328B94B5700218310 /* Preview Content */,
			);
			path = CatAPIDemo;
			sourceTree = "<group>";
		};
		EBF3C42328B94B5700218310 /* Preview Content */ = {
			isa = PBXGroup;
			children = (
				EBF3C42428B94B5700218310 /* Preview Assets.xcassets */,
			);
			path = "Preview Content";
			sourceTree = "<group>";
		};
		EBF3C42D28B94B5800218310 /* CatAPIDemoTests */ = {
			isa = PBXGroup;
			children = (
				EBF3C42E28B94B5800218310 /* CatAPIDemoTests.swift */,
			);
			path = CatAPIDemoTests;
			sourceTree = "<group>";
		};
		EBF3C43728B94B5800218310 /* CatAPIDemoUITests */ = {
			isa = PBXGroup;
			children = (
				EBF3C43828B94B5800218310 /* CatAPIDemoUITests.swift */,
				EBF3C43A28B94B5800218310 /* CatAPIDemoUITestsLaunchTests.swift */,
			);
			path = CatAPIDemoUITests;
			sourceTree = "<group>";
		};
/* End PBXGroup section */

/* Begin PBXNativeTarget section */
		EBF3C41928B94B5400218310 /* CatAPIDemo */ = {
			isa = PBXNativeTarget;
			buildConfigurationList = EBF3C43E28B94B5800218310 /* Build configuration list for PBXNativeTarget "CatAPIDemo" */;
			buildPhases = (
				EBF3C41628B94B5400218310 /* Sources */,
				EBF3C41728B94B5400218310 /* Frameworks */,
				EBF3C41828B94B5400218310 /* Resources */,
			);
			buildRules = (
			);
			dependencies = (
			);
			name = CatAPIDemo;
			productName = CatAPIDemo;
			productReference = EBF3C41A28B94B5400218310 /* CatAPIDemo.app */;
			productType = "com.apple.product-type.application";
		};
		EBF3C42928B94B5800218310 /* CatAPIDemoTests */ = {
			isa = PBXNativeTarget;
			buildConfigurationList = EBF3C44128B94B5800218310 /* Build configuration list for PBXNativeTarget "CatAPIDemoTests" */;
			buildPhases = (
				EBF3C42628B94B5800218310 /* Sources */,
				EBF3C42728B94B5800218310 /* Frameworks */,
				EBF3C42828B94B5800218310 /* Resources */,
			);
			buildRules = (
			);
			dependencies = (
				EBF3C42C28B94B5800218310 /* PBXTargetDependency */,
			);
			name = CatAPIDemoTests;
			productName = CatAPIDemoTests;
			productReference = EBF3C42A28B94B5800218310 /* CatAPIDemoTests.xctest */;
			productType = "com.apple.product-type.bundle.unit-test";
		};
		EBF3C43328B94B5800218310 /* CatAPIDemoUITests */ = {
			isa = PBXNativeTarget;
			buildConfigurationList = EBF3C44428B94B5800218310 /* Build configuration list for PBXNativeTarget "CatAPIDemoUITests" */;
			buildPhases = (
				EBF3C43028B94B5800218310 /* Sources */,
				EBF3C43128B94B5800218310 /* Frameworks */,
				EBF3C43228B94B5800218310 /* Resources */,
			);
			buildRules = (
			);
			dependencies = (
				EBF3C43628B94B5800218310 /* PBXTargetDependency */,
			);
			name = CatAPIDemoUITests;
			productName = CatAPIDemoUITests;
			productReference = EBF3C43428B94B5800218310 /* CatAPIDemoUITests.xctest */;
			productType = "com.apple.product-type.bundle.ui-testing";
		};
/* End PBXNativeTarget section */

/* Begin PBXProject section */
		EBF3C41228B94B5400218310 /* Project object */ = {
			isa = PBXProject;
			attributes = {
				BuildIndependentTargetsInParallel = 1;
				LastSwiftUpdateCheck = 1340;
				LastUpgradeCheck = 1340;
				TargetAttributes = {
					EBF3C41928B94B5400218310 = {
						CreatedOnToolsVersion = 13.4.1;
					};
					EBF3C42928B94B5800218310 = {
						CreatedOnToolsVersion = 13.4.1;
						TestTargetID = EBF3C41928B94B5400218310;
					};
					EBF3C43328B94B5800218310 = {
						CreatedOnToolsVersion = 13.4.1;
						TestTargetID = EBF3C41928B94B5400218310;
					};
				};
			};
			buildConfigurationList = EBF3C41528B94B5400218310 /* Build configuration list for PBXProject "CatAPIDemo" */;
			compatibilityVersion = "Xcode 13.0";
			developmentRegion = en;
			hasScannedForEncodings = 0;
			knownRegions = (
				en,
				Base,
			);
			mainGroup = EBF3C41128B94B5400218310;
			productRefGroup = EBF3C41B28B94B5400218310 /* Products */;
			projectDirPath = "";
			projectRoot = "";
			targets = (
				EBF3C41928B94B5400218310 /* CatAPIDemo */,
				EBF3C42928B94B5800218310 /* CatAPIDemoTests */,
				EBF3C43328B94B5800218310 /* CatAPIDemoUITests */,
			);
		};
/* End PBXProject section */

/* Begin PBXResourcesBuildPhase section */
		EBF3C41828B94B5400218310 /* Resources */ = {
			isa = PBXResourcesBuildPhase;
			buildActionMask = 2147483647;
			files = (
				EBF3C42528B94B5700218310 /* Preview Assets.xcassets in Resources */,
				EBF3C42228B94B5700218310 /* Assets.xcassets in Resources */,
			);
			runOnlyForDeploymentPostprocessing = 0;
		};
		EBF3C42828B94B5800218310 /* Resources */ = {
			isa = PBXResourcesBuildPhase;
			buildActionMask = 2147483647;
			files = (
			);
			runOnlyForDeploymentPostprocessing = 0;
		};
		EBF3C43228B94B5800218310 /* Resources */ = {
			isa = PBXResourcesBuildPhase;
			buildActionMask = 2147483647;
			files = (
			);
			runOnlyForDeploymentPostprocessing = 0;
		};
/* End PBXResourcesBuildPhase section */

/* Begin PBXSourcesBuildPhase section */
		EBF3C41628B94B5400218310 /* Sources */ = {
			isa = PBXSourcesBuildPhase;
			buildActionMask = 2147483647;
			files = (
				EB20F8FD28B9A05A00F25605 /* CatBreed.swift in Sources */,
				EB20F90028B9AAB400F25605 /* BreedView.swift in Sources */,
				EB20F8FA28B99EDC00F25605 /* Breed.swift in Sources */,
				EB20F8F728B99E8900F25605 /* BreedImage.swift in Sources */,
				EBF3C42028B94B5400218310 /* CatMainView.swift in Sources */,
				EBF3C41E28B94B5400218310 /* CatAPIDemoApp.swift in Sources */,
				EBC4CAC028BA786000D2C10A /* APIService.swift in Sources */,
				EBC4CABE28BA6EF400D2C10A /* APIError.swift in Sources */,
				EBC4CAC228BA86E600D2C10A /* LoadingView.swift in Sources */,
			);
			runOnlyForDeploymentPostprocessing = 0;
		};
		EBF3C42628B94B5800218310 /* Sources */ = {
			isa = PBXSourcesBuildPhase;
			buildActionMask = 2147483647;
			files = (
				EBF3C42F28B94B5800218310 /* CatAPIDemoTests.swift in Sources */,
			);
			runOnlyForDeploymentPostprocessing = 0;
		};
		EBF3C43028B94B5800218310 /* Sources */ = {
			isa = PBXSourcesBuildPhase;
			buildActionMask = 2147483647;
			files = (
				EBF3C43928B94B5800218310 /* CatAPIDemoUITests.swift in Sources */,
				EBF3C43B28B94B5800218310 /* CatAPIDemoUITestsLaunchTests.swift in Sources */,
			);
			runOnlyForDeploymentPostprocessing = 0;
		};
/* End PBXSourcesBuildPhase section */

/* Begin PBXTargetDependency section */
		EBF3C42C28B94B5800218310 /* PBXTargetDependency */ = {
			isa = PBXTargetDependency;
			target = EBF3C41928B94B5400218310 /* CatAPIDemo */;
			targetProxy = EBF3C42B28B94B5800218310 /* PBXContainerItemProxy */;
		};
		EBF3C43628B94B5800218310 /* PBXTargetDependency */ = {
			isa = PBXTargetDependency;
			target = EBF3C41928B94B5400218310 /* CatAPIDemo */;
			targetProxy = EBF3C43528B94B5800218310 /* PBXContainerItemProxy */;
		};
/* End PBXTargetDependency section */

/* Begin XCBuildConfiguration section */
		EBF3C43C28B94B5800218310 /* Debug */ = {
			isa = XCBuildConfiguration;
			buildSettings = {
				ALWAYS_SEARCH_USER_PATHS = NO;
				CLANG_ANALYZER_NONNULL = YES;
				CLANG_ANALYZER_NUMBER_OBJECT_CONVERSION = YES_AGGRESSIVE;
				CLANG_CXX_LANGUAGE_STANDARD = "gnu++17";
				CLANG_ENABLE_MODULES = YES;
				CLANG_ENABLE_OBJC_ARC = YES;
				CLANG_ENABLE_OBJC_WEAK = YES;
				CLANG_WARN_BLOCK_CAPTURE_AUTORELEASING = YES;
				CLANG_WARN_BOOL_CONVERSION = YES;
				CLANG_WARN_COMMA = YES;
				CLANG_WARN_CONSTANT_CONVERSION = YES;
				CLANG_WARN_DEPRECATED_OBJC_IMPLEMENTATIONS = YES;
				CLANG_WARN_DIRECT_OBJC_ISA_USAGE = YES_ERROR;
				CLANG_WARN_DOCUMENTATION_COMMENTS = YES;
				CLANG_WARN_EMPTY_BODY = YES;
				CLANG_WARN_ENUM_CONVERSION = YES;
				CLANG_WARN_INFINITE_RECURSION = YES;
				CLANG_WARN_INT_CONVERSION = YES;
				CLANG_WARN_NON_LITERAL_NULL_CONVERSION = YES;
				CLANG_WARN_OBJC_IMPLICIT_RETAIN_SELF = YES;
				CLANG_WARN_OBJC_LITERAL_CONVERSION = YES;
				CLANG_WARN_OBJC_ROOT_CLASS = YES_ERROR;
				CLANG_WARN_QUOTED_INCLUDE_IN_FRAMEWORK_HEADER = YES;
				CLANG_WARN_RANGE_LOOP_ANALYSIS = YES;
				CLANG_WARN_STRICT_PROTOTYPES = YES;
				CLANG_WARN_SUSPICIOUS_MOVE = YES;
				CLANG_WARN_UNGUARDED_AVAILABILITY = YES_AGGRESSIVE;
				CLANG_WARN_UNREACHABLE_CODE = YES;
				CLANG_WARN__DUPLICATE_METHOD_MATCH = YES;
				COPY_PHASE_STRIP = NO;
				DEBUG_INFORMATION_FORMAT = dwarf;
				ENABLE_STRICT_OBJC_MSGSEND = YES;
				ENABLE_TESTABILITY = YES;
				GCC_C_LANGUAGE_STANDARD = gnu11;
				GCC_DYNAMIC_NO_PIC = NO;
				GCC_NO_COMMON_BLOCKS = YES;
				GCC_OPTIMIZATION_LEVEL = 0;
				GCC_PREPROCESSOR_DEFINITIONS = (
					"DEBUG=1",
					"$(inherited)",
				);
				GCC_WARN_64_TO_32_BIT_CONVERSION = YES;
				GCC_WARN_ABOUT_RETURN_TYPE = YES_ERROR;
				GCC_WARN_UNDECLARED_SELECTOR = YES;
				GCC_WARN_UNINITIALIZED_AUTOS = YES_AGGRESSIVE;
				GCC_WARN_UNUSED_FUNCTION = YES;
				GCC_WARN_UNUSED_VARIABLE = YES;
				IPHONEOS_DEPLOYMENT_TARGET = 15.5;
				MTL_ENABLE_DEBUG_INFO = INCLUDE_SOURCE;
				MTL_FAST_MATH = YES;
				ONLY_ACTIVE_ARCH = YES;
				SDKROOT = iphoneos;
				SWIFT_ACTIVE_COMPILATION_CONDITIONS = DEBUG;
				SWIFT_OPTIMIZATION_LEVEL = "-Onone";
			};
			name = Debug;
		};
		EBF3C43D28B94B5800218310 /* Release */ = {
			isa = XCBuildConfiguration;
			buildSettings = {
				ALWAYS_SEARCH_USER_PATHS = NO;
				CLANG_ANALYZER_NONNULL = YES;
				CLANG_ANALYZER_NUMBER_OBJECT_CONVERSION = YES_AGGRESSIVE;
				CLANG_CXX_LANGUAGE_STANDARD = "gnu++17";
				CLANG_ENABLE_MODULES = YES;
				CLANG_ENABLE_OBJC_ARC = YES;
				CLANG_ENABLE_OBJC_WEAK = YES;
				CLANG_WARN_BLOCK_CAPTURE_AUTORELEASING = YES;
				CLANG_WARN_BOOL_CONVERSION = YES;
				CLANG_WARN_COMMA = YES;
				CLANG_WARN_CONSTANT_CONVERSION = YES;
				CLANG_WARN_DEPRECATED_OBJC_IMPLEMENTATIONS = YES;
				CLANG_WARN_DIRECT_OBJC_ISA_USAGE = YES_ERROR;
				CLANG_WARN_DOCUMENTATION_COMMENTS = YES;
				CLANG_WARN_EMPTY_BODY = YES;
				CLANG_WARN_ENUM_CONVERSION = YES;
				CLANG_WARN_INFINITE_RECURSION = YES;
				CLANG_WARN_INT_CONVERSION = YES;
				CLANG_WARN_NON_LITERAL_NULL_CONVERSION = YES;
				CLANG_WARN_OBJC_IMPLICIT_RETAIN_SELF = YES;
				CLANG_WARN_OBJC_LITERAL_CONVERSION = YES;
				CLANG_WARN_OBJC_ROOT_CLASS = YES_ERROR;
				CLANG_WARN_QUOTED_INCLUDE_IN_FRAMEWORK_HEADER = YES;
				CLANG_WARN_RANGE_LOOP_ANALYSIS = YES;
				CLANG_WARN_STRICT_PROTOTYPES = YES;
				CLANG_WARN_SUSPICIOUS_MOVE = YES;
				CLANG_WARN_UNGUARDED_AVAILABILITY = YES_AGGRESSIVE;
				CLANG_WARN_UNREACHABLE_CODE = YES;
				CLANG_WARN__DUPLICATE_METHOD_MATCH = YES;
				COPY_PHASE_STRIP = NO;
				DEBUG_INFORMATION_FORMAT = "dwarf-with-dsym";
				ENABLE_NS_ASSERTIONS = NO;
				ENABLE_STRICT_OBJC_MSGSEND = YES;
				GCC_C_LANGUAGE_STANDARD = gnu11;
				GCC_NO_COMMON_BLOCKS = YES;
				GCC_WARN_64_TO_32_BIT_CONVERSION = YES;
				GCC_WARN_ABOUT_RETURN_TYPE = YES_ERROR;
				GCC_WARN_UNDECLARED_SELECTOR = YES;
				GCC_WARN_UNINITIALIZED_AUTOS = YES_AGGRESSIVE;
				GCC_WARN_UNUSED_FUNCTION = YES;
				GCC_WARN_UNUSED_VARIABLE = YES;
				IPHONEOS_DEPLOYMENT_TARGET = 15.5;
				MTL_ENABLE_DEBUG_INFO = NO;
				MTL_FAST_MATH = YES;
				SDKROOT = iphoneos;
				SWIFT_COMPILATION_MODE = wholemodule;
				SWIFT_OPTIMIZATION_LEVEL = "-O";
				VALIDATE_PRODUCT = YES;
			};
			name = Release;
		};
		EBF3C43F28B94B5800218310 /* Debug */ = {
			isa = XCBuildConfiguration;
			buildSettings = {
				ASSETCATALOG_COMPILER_APPICON_NAME = AppIcon;
				ASSETCATALOG_COMPILER_GLOBAL_ACCENT_COLOR_NAME = AccentColor;
				CODE_SIGN_STYLE = Automatic;
				CURRENT_PROJECT_VERSION = 1;
				DEVELOPMENT_ASSET_PATHS = "\"CatAPIDemo/Preview Content\"";
				DEVELOPMENT_TEAM = THQHXZM7R8;
				ENABLE_PREVIEWS = YES;
				GENERATE_INFOPLIST_FILE = YES;
				INFOPLIST_KEY_UIApplicationSceneManifest_Generation = YES;
				INFOPLIST_KEY_UIApplicationSupportsIndirectInputEvents = YES;
				INFOPLIST_KEY_UILaunchScreen_Generation = YES;
				INFOPLIST_KEY_UISupportedInterfaceOrientations_iPad = "UIInterfaceOrientationPortrait UIInterfaceOrientationPortraitUpsideDown UIInterfaceOrientationLandscapeLeft UIInterfaceOrientationLandscapeRight";
				INFOPLIST_KEY_UISupportedInterfaceOrientations_iPhone = "UIInterfaceOrientationPortrait UIInterfaceOrientationLandscapeLeft UIInterfaceOrientationLandscapeRight";
				LD_RUNPATH_SEARCH_PATHS = (
					"$(inherited)",
					"@executable_path/Frameworks",
				);
				MARKETING_VERSION = 1.0;
				PRODUCT_BUNDLE_IDENTIFIER = com.graystudio.CatAPIDemo;
				PRODUCT_NAME = "$(TARGET_NAME)";
				SWIFT_EMIT_LOC_STRINGS = YES;
				SWIFT_VERSION = 5.0;
				TARGETED_DEVICE_FAMILY = "1,2";
			};
			name = Debug;
		};
		EBF3C44028B94B5800218310 /* Release */ = {
			isa = XCBuildConfiguration;
			buildSettings = {
				ASSETCATALOG_COMPILER_APPICON_NAME = AppIcon;
				ASSETCATALOG_COMPILER_GLOBAL_ACCENT_COLOR_NAME = AccentColor;
				CODE_SIGN_STYLE = Automatic;
				CURRENT_PROJECT_VERSION = 1;
				DEVELOPMENT_ASSET_PATHS = "\"CatAPIDemo/Preview Content\"";
				DEVELOPMENT_TEAM = THQHXZM7R8;
				ENABLE_PREVIEWS = YES;
				GENERATE_INFOPLIST_FILE = YES;
				INFOPLIST_KEY_UIApplicationSceneManifest_Generation = YES;
				INFOPLIST_KEY_UIApplicationSupportsIndirectInputEvents = YES;
				INFOPLIST_KEY_UILaunchScreen_Generation = YES;
				INFOPLIST_KEY_UISupportedInterfaceOrientations_iPad = "UIInterfaceOrientationPortrait UIInterfaceOrientationPortraitUpsideDown UIInterfaceOrientationLandscapeLeft UIInterfaceOrientationLandscapeRight";
				INFOPLIST_KEY_UISupportedInterfaceOrientations_iPhone = "UIInterfaceOrientationPortrait UIInterfaceOrientationLandscapeLeft UIInterfaceOrientationLandscapeRight";
				LD_RUNPATH_SEARCH_PATHS = (
					"$(inherited)",
					"@executable_path/Frameworks",
				);
				MARKETING_VERSION = 1.0;
				PRODUCT_BUNDLE_IDENTIFIER = com.graystudio.CatAPIDemo;
				PRODUCT_NAME = "$(TARGET_NAME)";
				SWIFT_EMIT_LOC_STRINGS = YES;
				SWIFT_VERSION = 5.0;
				TARGETED_DEVICE_FAMILY = "1,2";
			};
			name = Release;
		};
		EBF3C44228B94B5800218310 /* Debug */ = {
			isa = XCBuildConfiguration;
			buildSettings = {
				ALWAYS_EMBED_SWIFT_STANDARD_LIBRARIES = YES;
				BUNDLE_LOADER = "$(TEST_HOST)";
				CODE_SIGN_STYLE = Automatic;
				CURRENT_PROJECT_VERSION = 1;
				DEVELOPMENT_TEAM = THQHXZM7R8;
				GENERATE_INFOPLIST_FILE = YES;
				IPHONEOS_DEPLOYMENT_TARGET = 15.5;
				MARKETING_VERSION = 1.0;
				PRODUCT_BUNDLE_IDENTIFIER = com.graystudio.CatAPIDemoTests;
				PRODUCT_NAME = "$(TARGET_NAME)";
				SWIFT_EMIT_LOC_STRINGS = NO;
				SWIFT_VERSION = 5.0;
				TARGETED_DEVICE_FAMILY = "1,2";
				TEST_HOST = "$(BUILT_PRODUCTS_DIR)/CatAPIDemo.app/CatAPIDemo";
			};
			name = Debug;
		};
		EBF3C44328B94B5800218310 /* Release */ = {
			isa = XCBuildConfiguration;
			buildSettings = {
				ALWAYS_EMBED_SWIFT_STANDARD_LIBRARIES = YES;
				BUNDLE_LOADER = "$(TEST_HOST)";
				CODE_SIGN_STYLE = Automatic;
				CURRENT_PROJECT_VERSION = 1;
				DEVELOPMENT_TEAM = THQHXZM7R8;
				GENERATE_INFOPLIST_FILE = YES;
				IPHONEOS_DEPLOYMENT_TARGET = 15.5;
				MARKETING_VERSION = 1.0;
				PRODUCT_BUNDLE_IDENTIFIER = com.graystudio.CatAPIDemoTests;
				PRODUCT_NAME = "$(TARGET_NAME)";
				SWIFT_EMIT_LOC_STRINGS = NO;
				SWIFT_VERSION = 5.0;
				TARGETED_DEVICE_FAMILY = "1,2";
				TEST_HOST = "$(BUILT_PRODUCTS_DIR)/CatAPIDemo.app/CatAPIDemo";
			};
			name = Release;
		};
		EBF3C44528B94B5800218310 /* Debug */ = {
			isa = XCBuildConfiguration;
			buildSettings = {
				ALWAYS_EMBED_SWIFT_STANDARD_LIBRARIES = YES;
				CODE_SIGN_STYLE = Automatic;
				CURRENT_PROJECT_VERSION = 1;
				DEVELOPMENT_TEAM = THQHXZM7R8;
				GENERATE_INFOPLIST_FILE = YES;
				MARKETING_VERSION = 1.0;
				PRODUCT_BUNDLE_IDENTIFIER = com.graystudio.CatAPIDemoUITests;
				PRODUCT_NAME = "$(TARGET_NAME)";
				SWIFT_EMIT_LOC_STRINGS = NO;
				SWIFT_VERSION = 5.0;
				TARGETED_DEVICE_FAMILY = "1,2";
				TEST_TARGET_NAME = CatAPIDemo;
			};
			name = Debug;
		};
		EBF3C44628B94B5800218310 /* Release */ = {
			isa = XCBuildConfiguration;
			buildSettings = {
				ALWAYS_EMBED_SWIFT_STANDARD_LIBRARIES = YES;
				CODE_SIGN_STYLE = Automatic;
				CURRENT_PROJECT_VERSION = 1;
				DEVELOPMENT_TEAM = THQHXZM7R8;
				GENERATE_INFOPLIST_FILE = YES;
				MARKETING_VERSION = 1.0;
				PRODUCT_BUNDLE_IDENTIFIER = com.graystudio.CatAPIDemoUITests;
				PRODUCT_NAME = "$(TARGET_NAME)";
				SWIFT_EMIT_LOC_STRINGS = NO;
				SWIFT_VERSION = 5.0;
				TARGETED_DEVICE_FAMILY = "1,2";
				TEST_TARGET_NAME = CatAPIDemo;
			};
			name = Release;
		};
/* End XCBuildConfiguration section */

/* Begin XCConfigurationList section */
		EBF3C41528B94B5400218310 /* Build configuration list for PBXProject "CatAPIDemo" */ = {
			isa = XCConfigurationList;
			buildConfigurations = (
				EBF3C43C28B94B5800218310 /* Debug */,
				EBF3C43D28B94B5800218310 /* Release */,
			);
			defaultConfigurationIsVisible = 0;
			defaultConfigurationName = Release;
		};
		EBF3C43E28B94B5800218310 /* Build configuration list for PBXNativeTarget "CatAPIDemo" */ = {
			isa = XCConfigurationList;
			buildConfigurations = (
				EBF3C43F28B94B5800218310 /* Debug */,
				EBF3C44028B94B5800218310 /* Release */,
			);
			defaultConfigurationIsVisible = 0;
			defaultConfigurationName = Release;
		};
		EBF3C44128B94B5800218310 /* Build configuration list for PBXNativeTarget "CatAPIDemoTests" */ = {
			isa = XCConfigurationList;
			buildConfigurations = (
				EBF3C44228B94B5800218310 /* Debug */,
				EBF3C44328B94B5800218310 /* Release */,
			);
			defaultConfigurationIsVisible = 0;
			defaultConfigurationName = Release;
		};
		EBF3C44428B94B5800218310 /* Build configuration list for PBXNativeTarget "CatAPIDemoUITests" */ = {
			isa = XCConfigurationList;
			buildConfigurations = (
				EBF3C44528B94B5800218310 /* Debug */,
				EBF3C44628B94B5800218310 /* Release */,
			);
			defaultConfigurationIsVisible = 0;
			defaultConfigurationName = Release;
		};
/* End XCConfigurationList section */
	};
	rootObject = EBF3C41228B94B5400218310 /* Project object */;
}
